
Microsoft Visual Studio Solution File, Format Version 12.00
# Visual Studio Version 17
VisualStudioVersion = 17.1.32210.238
MinimumVisualStudioVersion = 10.0.40219.1
Project("{FAE04EC0-301F-11D3-BF4B-00C04F79EFBC}") = "BasicNHibernate.Console", "BasicNHibernate.Console\BasicNHibernate.Console.csproj", "{AA9B5B69-66CF-4FA7-8087-718AAE111362}"
EndProject
Global
	GlobalSection(SolutionConfigurationPlatforms) = preSolution
		Debug|Any CPU = Debug|Any CPU
		Release|Any CPU = Release|Any CPU
	EndGlobalSection
	GlobalSection(ProjectConfigurationPlatforms) = postSolution
		{AA9B5B69-66CF-4FA7-8087-718AAE111362}.Debug|Any CPU.ActiveCfg = Debug|Any CPU
		{AA9B5B69-66CF-4FA7-8087-718AAE111362}.Debug|Any CPU.Build.0 = Debug|Any CPU
		{AA9B5B69-66CF-4FA7-8087-718AAE111362}.Release|Any CPU.ActiveCfg = Release|Any CPU
		{AA9B5B69-66CF-4FA7-8087-718AAE111362}.Release|Any CPU.Build.0 = Release|Any CPU
	EndGlobalSection
	GlobalSection(SolutionProperties) = preSolution
		HideSolutionNode = FALSE
	EndGlobalSection
	GlobalSection(ExtensibilityGlobals) = postSolution
		SolutionGuid = {817AE7D6-C03C-492D-A9B7-6531FC877032}
	EndGlobalSection
EndGlobal
